
Microsoft Visual Studio Solution File, Format Version 12.00
# Visual Studio Version 17
VisualStudioVersion = 17.10.35027.167
MinimumVisualStudioVersion = 10.0.40219.1
Project("{FAE04EC0-301F-11D3-BF4B-00C04F79EFBC}") = "BlazorUI", "BlazorUI\BlazorUI.csproj", "{1ABD22AC-2B07-4DB8-81D3-86F30B073C1E}"
EndProject
Project("{FAE04EC0-301F-11D3-BF4B-00C04F79EFBC}") = "DemoLibrary", "DemoLibrary\DemoLibrary.csproj", "{56515302-91F1-405E-8DC2-04041AC961D5}"
EndProject
Project("{FAE04EC0-301F-11D3-BF4B-00C04F79EFBC}") = "DemoApi", "DemoApi\DemoApi.csproj", "{822E25CE-4AD0-4A3B-A5B7-8F2F420E64B8}"
EndProject
Global
	GlobalSection(SolutionConfigurationPlatforms) = preSolution
		Debug|Any CPU = Debug|Any CPU
		Release|Any CPU = Release|Any CPU
	EndGlobalSection
	GlobalSection(ProjectConfigurationPlatforms) = postSolution
		{1ABD22AC-2B07-4DB8-81D3-86F30B073C1E}.Debug|Any CPU.ActiveCfg = Debug|Any CPU
		{1ABD22AC-2B07-4DB8-81D3-86F30B073C1E}.Debug|Any CPU.Build.0 = Debug|Any CPU
		{1ABD22AC-2B07-4DB8-81D3-86F30B073C1E}.Release|Any CPU.ActiveCfg = Release|Any CPU
		{1ABD22AC-2B07-4DB8-81D3-86F30B073C1E}.Release|Any CPU.Build.0 = Release|Any CPU
		{56515302-91F1-405E-8DC2-04041AC961D5}.Debug|Any CPU.ActiveCfg = Debug|Any CPU
		{56515302-91F1-405E-8DC2-04041AC961D5}.Debug|Any CPU.Build.0 = Debug|Any CPU
		{56515302-91F1-405E-8DC2-04041AC961D5}.Release|Any CPU.ActiveCfg = Release|Any CPU
		{56515302-91F1-405E-8DC2-04041AC961D5}.Release|Any CPU.Build.0 = Release|Any CPU
		{822E25CE-4AD0-4A3B-A5B7-8F2F420E64B8}.Debug|Any CPU.ActiveCfg = Debug|Any CPU
		{822E25CE-4AD0-4A3B-A5B7-8F2F420E64B8}.Debug|Any CPU.Build.0 = Debug|Any CPU
		{822E25CE-4AD0-4A3B-A5B7-8F2F420E64B8}.Release|Any CPU.ActiveCfg = Release|Any CPU
		{822E25CE-4AD0-4A3B-A5B7-8F2F420E64B8}.Release|Any CPU.Build.0 = Release|Any CPU
	EndGlobalSection
	GlobalSection(SolutionProperties) = preSolution
		HideSolutionNode = FALSE
	EndGlobalSection
	GlobalSection(ExtensibilityGlobals) = postSolution
		SolutionGuid = {FD0B3543-2DD6-4960-907D-A7ADF8E6D32D}
	EndGlobalSection
EndGlobal
